{
    "name": "string-delta-algs",
    "lockfileVersion": 3,
    "requires": true,
    "packages": {
        "": {
            "dependencies": {
                "textdiff-create": "^1.1.8",
                "textdiff-patch": "^1.1.7"
            }
        },
        "node_modules/fast-diff": {
            "version": "1.3.0",
            "resolved": "https://registry.npmjs.org/fast-diff/-/fast-diff-1.3.0.tgz",
            "integrity": "sha512-VxPP4NqbUjj6MaAOafWeUn2cXWLcCtljklUtZf0Ind4XQ+QPtmA0b18zZy0jIQx+ExRVCR/ZQpBmik5lXshNsw=="
        },
        "node_modules/textdiff-create": {
            "version": "1.1.8",
            "resolved": "https://registry.npmjs.org/textdiff-create/-/textdiff-create-1.1.8.tgz",
            "integrity": "sha512-gi1HYcpmFRQsJvChFxo76boakfz7wopUrQ0ByWS9lsvqKIvZyR6pVBu4PZacLJrUIkZNX/stRT+yoGAI1Q/ugA==",
            "dependencies": {
                "fast-diff": "^1.3.0"
            },
            "funding": {
                "type": "github",
                "url": "https://github.com/sponsors/icflorescu"
            }
        },
        "node_modules/textdiff-patch": {
            "version": "1.1.7",
            "resolved": "https://registry.npmjs.org/textdiff-patch/-/textdiff-patch-1.1.7.tgz",
            "integrity": "sha512-uY9mSb5wHs5zrb8Ln9HZRJ2s4lDt2NiAvlLrXGqmw7/3Z8ZuYlVOG2oTdZVWMOExF1arsBgPevQmOa/7Z/7+TQ==",
            "funding": {
                "type": "github",
                "url": "https://github.com/sponsors/icflorescu"
            }
        }
    }
}
